{
  "name": "gameoflifeui",
  "version": "1.0.0",
  "lockfileVersion": 1,
  "requires": true,
  "dependencies": {
    "@zeit/schemas": {
      "version": "1.7.0",
      "resolved": "https://proget.huddle.local/npm/npmjs.org/@zeit/schemas/-/schemas-1.7.0.tgz",
      "integrity": "sha512-Ma2HHFqwZZ5WOEMcd/8RJj70O9jy2esTvu9oaYLJSkenELKrv6vgkGeM5jB8xLRTYocpcnd2rCfpyKyhBqVphQ=="
    },
    "ajv": {
      "version": "6.5.2",
      "resolved": "https://proget.huddle.local/npm/npmjs.org/ajv/-/ajv-6.5.2.tgz",
      "integrity": "sha1-Z4SV+bgvfMpr4kjdkvWb/14fQ2A=",
      "requires": {
        "fast-deep-equal": "2.0.1",
        "fast-json-stable-stringify": "2.0.0",
        "json-schema-traverse": "0.4.1",
        "uri-js": "4.2.2"
      }
    },
    "ansi-align": {
      "version": "2.0.0",
      "resolved": "https://proget.huddle.local/npm/npmjs.org/ansi-align/-/ansi-align-2.0.0.tgz",
      "integrity": "sha1-w2rsy6VjuJzrVW82kPCx2eNUf38=",
      "requires": {
        "string-width": "2.1.1"
      }
    },
    "ansi-regex": {
      "version": "3.0.0",
      "resolved": "https://proget.huddle.local/npm/npmjs.org/ansi-regex/-/ansi-regex-3.0.0.tgz",
      "integrity": "sha1-7QMXwyIGT3lGbAKWa922Bas32Zg="
    },
    "ansi-styles": {
      "version": "3.2.1",
      "resolved": "https://proget.huddle.local/npm/npmjs.org/ansi-styles/-/ansi-styles-3.2.1.tgz",
      "integrity": "sha1-QfuyAkPlCxK+DwS43tvwdSDOhB0=",
      "requires": {
        "color-convert": "1.9.2"
      }
    },
    "arch": {
      "version": "2.1.1",
      "resolved": "https://proget.huddle.local/npm/npmjs.org/arch/-/arch-2.1.1.tgz",
      "integrity": "sha512-BLM56aPo9vLLFVa8+/+pJLnrZ7QGGTVHWsCwieAWT9o9K8UeGaQbzZbGoabWLOo2ksBCztoXdqBZBplqLDDCSg=="
    },
    "arg": {
      "version": "2.0.0",
      "resolved": "https://proget.huddle.local/npm/npmjs.org/arg/-/arg-2.0.0.tgz",
      "integrity": "sha512-XxNTUzKnz1ctK3ZIcI2XUPlD96wbHP2nGqkPKpvk/HNRlPveYrXIVSTk9m3LcqOgDPg3B1nMvdV/K8wZd7PG4w=="
    },
    "balanced-match": {
      "version": "1.0.0",
      "resolved": "https://proget.huddle.local/npm/npmjs.org/balanced-match/-/balanced-match-1.0.0.tgz",
      "integrity": "sha1-ibTRmasr7kneFk6gK4nORi1xt2c="
    },
    "boxen": {
      "version": "1.3.0",
      "resolved": "https://proget.huddle.local/npm/npmjs.org/boxen/-/boxen-1.3.0.tgz",
      "integrity": "sha1-VcbDmouljZxhrSLNh3Uy3rZlogs=",
      "requires": {
        "ansi-align": "2.0.0",
        "camelcase": "4.1.0",
        "chalk": "2.4.1",
        "cli-boxes": "1.0.0",
        "string-width": "2.1.1",
        "term-size": "1.2.0",
        "widest-line": "2.0.0"
      }
    },
    "brace-expansion": {
      "version": "1.1.11",
      "resolved": "https://proget.huddle.local/npm/npmjs.org/brace-expansion/-/brace-expansion-1.1.11.tgz",
      "integrity": "sha1-PH/L9SnYcibz0vUrlm/1Jx60Qd0=",
      "requires": {
        "balanced-match": "1.0.0",
        "concat-map": "0.0.1"
      }
    },
    "bytes": {
      "version": "3.0.0",
      "resolved": "https://proget.huddle.local/npm/npmjs.org/bytes/-/bytes-3.0.0.tgz",
      "integrity": "sha1-0ygVQE1olpn4Wk6k+odV3ROpYEg="
    },
    "camelcase": {
      "version": "4.1.0",
      "resolved": "https://proget.huddle.local/npm/npmjs.org/camelcase/-/camelcase-4.1.0.tgz",
      "integrity": "sha1-1UVjW+HjPFQmScaRc+Xeas+uNN0="
    },
    "chalk": {
      "version": "2.4.1",
      "resolved": "https://proget.huddle.local/npm/npmjs.org/chalk/-/chalk-2.4.1.tgz",
      "integrity": "sha1-GMSasWoDe26wFSzIPjRxM4IVtm4=",
      "requires": {
        "ansi-styles": "3.2.1",
        "escape-string-regexp": "1.0.5",
        "supports-color": "5.4.0"
      }
    },
    "cli-boxes": {
      "version": "1.0.0",
      "resolved": "https://proget.huddle.local/npm/npmjs.org/cli-boxes/-/cli-boxes-1.0.0.tgz",
      "integrity": "sha1-T6kXw+WclKAEzWH47lCdplFocUM="
    },
    "clipboardy": {
      "version": "1.2.3",
      "resolved": "https://proget.huddle.local/npm/npmjs.org/clipboardy/-/clipboardy-1.2.3.tgz",
      "integrity": "sha512-2WNImOvCRe6r63Gk9pShfkwXsVtKCroMAevIbiae021mS850UkWPbevxsBz3tnvjZIEGvlwaqCPsw+4ulzNgJA==",
      "requires": {
        "arch": "2.1.1",
        "execa": "0.8.0"
      },
      "dependencies": {
        "execa": {
          "version": "0.8.0",
          "resolved": "https://proget.huddle.local/npm/npmjs.org/execa/-/execa-0.8.0.tgz",
          "integrity": "sha1-2NdrvBtVIX7RkP1t1J08d07PyNo=",
          "requires": {
            "cross-spawn": "5.1.0",
            "get-stream": "3.0.0",
            "is-stream": "1.1.0",
            "npm-run-path": "2.0.2",
            "p-finally": "1.0.0",
            "signal-exit": "3.0.2",
            "strip-eof": "1.0.0"
          }
        }
      }
    },
    "color-convert": {
      "version": "1.9.2",
      "resolved": "https://proget.huddle.local/npm/npmjs.org/color-convert/-/color-convert-1.9.2.tgz",
      "integrity": "sha1-SYgbj7pn3xKpa98/VsCqueeRMUc=",
      "requires": {
        "color-name": "1.1.1"
      }
    },
    "color-name": {
      "version": "1.1.1",
      "resolved": "https://proget.huddle.local/npm/npmjs.org/color-name/-/color-name-1.1.1.tgz",
      "integrity": "sha1-SxQVMEz1ACjqgWQ2Q72C6gWANok="
    },
    "concat-map": {
      "version": "0.0.1",
      "resolved": "https://proget.huddle.local/npm/npmjs.org/concat-map/-/concat-map-0.0.1.tgz",
      "integrity": "sha1-2Klr13/Wjfd5OnMDajug1UBdR3s="
    },
    "content-disposition": {
      "version": "0.5.2",
      "resolved": "https://proget.huddle.local/npm/npmjs.org/content-disposition/-/content-disposition-0.5.2.tgz",
      "integrity": "sha1-DPaLud318r55YcOoUXjLhdunjLQ="
    },
    "cross-spawn": {
      "version": "5.1.0",
      "resolved": "https://proget.huddle.local/npm/npmjs.org/cross-spawn/-/cross-spawn-5.1.0.tgz",
      "integrity": "sha1-6L0O/uWPz/b4+UUQoKVUu/ojVEk=",
      "requires": {
        "lru-cache": "4.1.3",
        "shebang-command": "1.2.0",
        "which": "1.3.1"
      }
    },
    "deep-extend": {
      "version": "0.6.0",
      "resolved": "https://proget.huddle.local/npm/npmjs.org/deep-extend/-/deep-extend-0.6.0.tgz",
      "integrity": "sha1-xPp8lUBKF6nD6Mp+FTcxK3NjMKw="
    },
    "escape-string-regexp": {
      "version": "1.0.5",
      "resolved": "https://proget.huddle.local/npm/npmjs.org/escape-string-regexp/-/escape-string-regexp-1.0.5.tgz",
      "integrity": "sha1-G2HAViGQqN/2rjuyzwIAyhMLhtQ="
    },
    "execa": {
      "version": "0.7.0",
      "resolved": "https://proget.huddle.local/npm/npmjs.org/execa/-/execa-0.7.0.tgz",
      "integrity": "sha1-lEvs00zEHuMqY6n68nrVpl/Fl3c=",
      "requires": {
        "cross-spawn": "5.1.0",
        "get-stream": "3.0.0",
        "is-stream": "1.1.0",
        "npm-run-path": "2.0.2",
        "p-finally": "1.0.0",
        "signal-exit": "3.0.2",
        "strip-eof": "1.0.0"
      }
    },
    "fast-deep-equal": {
      "version": "2.0.1",
      "resolved": "https://proget.huddle.local/npm/npmjs.org/fast-deep-equal/-/fast-deep-equal-2.0.1.tgz",
      "integrity": "sha1-ewUhjd+WZ79/Nwv3/bLLFf3Qqkk="
    },
    "fast-json-stable-stringify": {
      "version": "2.0.0",
      "resolved": "https://proget.huddle.local/npm/npmjs.org/fast-json-stable-stringify/-/fast-json-stable-stringify-2.0.0.tgz",
      "integrity": "sha1-1RQsDK7msRifh9OnYREGT4bIu/I="
    },
    "fast-url-parser": {
      "version": "1.1.3",
      "resolved": "https://proget.huddle.local/npm/npmjs.org/fast-url-parser/-/fast-url-parser-1.1.3.tgz",
      "integrity": "sha1-9K8+qfNNiicc9YrSs3WfQx8LMY0=",
      "requires": {
        "punycode": "1.4.1"
      },
      "dependencies": {
        "punycode": {
          "version": "1.4.1",
          "resolved": "https://proget.huddle.local/npm/npmjs.org/punycode/-/punycode-1.4.1.tgz",
          "integrity": "sha1-wNWmOycYgArY4esPpSachN1BhF4="
        }
      }
    },
    "get-stream": {
      "version": "3.0.0",
      "resolved": "https://proget.huddle.local/npm/npmjs.org/get-stream/-/get-stream-3.0.0.tgz",
      "integrity": "sha1-jpQ9E1jcN1VQVOy+LtsFqhdO3hQ="
    },
    "glob-slash": {
      "version": "1.0.0",
      "resolved": "https://proget.huddle.local/npm/npmjs.org/glob-slash/-/glob-slash-1.0.0.tgz",
      "integrity": "sha1-/lLvpDMjP3Si/mTHq7m8hIICq5U="
    },
    "glob-slasher": {
      "version": "1.0.1",
      "resolved": "https://proget.huddle.local/npm/npmjs.org/glob-slasher/-/glob-slasher-1.0.1.tgz",
      "integrity": "sha1-dHoOW7IiZC7hDT4FRD4QlJPLD44=",
      "requires": {
        "glob-slash": "1.0.0",
        "lodash.isobject": "2.4.1",
        "toxic": "1.0.1"
      }
    },
    "has-flag": {
      "version": "3.0.0",
      "resolved": "https://proget.huddle.local/npm/npmjs.org/has-flag/-/has-flag-3.0.0.tgz",
      "integrity": "sha1-tdRU3CGZriJWmfNGfloH87lVuv0="
    },
    "ini": {
      "version": "1.3.5",
      "resolved": "https://proget.huddle.local/npm/npmjs.org/ini/-/ini-1.3.5.tgz",
      "integrity": "sha1-7uJfVtscnsYIXgwid4CD9Zar+Sc="
    },
    "is-fullwidth-code-point": {
      "version": "2.0.0",
      "resolved": "https://proget.huddle.local/npm/npmjs.org/is-fullwidth-code-point/-/is-fullwidth-code-point-2.0.0.tgz",
      "integrity": "sha1-o7MKXE8ZkYMWeqq5O+764937ZU8="
    },
    "is-stream": {
      "version": "1.1.0",
      "resolved": "https://proget.huddle.local/npm/npmjs.org/is-stream/-/is-stream-1.1.0.tgz",
      "integrity": "sha1-EtSj3U5o4Lec6428hBc66A2RykQ="
    },
    "isexe": {
      "version": "2.0.0",
      "resolved": "https://proget.huddle.local/npm/npmjs.org/isexe/-/isexe-2.0.0.tgz",
      "integrity": "sha1-6PvzdNxVb/iUehDcsFctYz8s+hA="
    },
    "json-schema-traverse": {
      "version": "0.4.1",
      "resolved": "https://proget.huddle.local/npm/npmjs.org/json-schema-traverse/-/json-schema-traverse-0.4.1.tgz",
      "integrity": "sha1-afaofZUTq4u4/mO9sJecRI5oRmA="
    },
    "lodash": {
      "version": "4.17.10",
      "resolved": "https://proget.huddle.local/npm/npmjs.org/lodash/-/lodash-4.17.10.tgz",
      "integrity": "sha1-G3eTz3JZ6jj7NmHU04syYK+K5Oc="
    },
    "lodash._objecttypes": {
      "version": "2.4.1",
      "resolved": "https://proget.huddle.local/npm/npmjs.org/lodash._objecttypes/-/lodash._objecttypes-2.4.1.tgz",
      "integrity": "sha1-fAt/admKH3ZSn4kLDNsbTf7BHBE="
    },
    "lodash.isobject": {
      "version": "2.4.1",
      "resolved": "https://proget.huddle.local/npm/npmjs.org/lodash.isobject/-/lodash.isobject-2.4.1.tgz",
      "integrity": "sha1-Wi5H/mmVPx7mMafrof5k0tBlWPU=",
      "requires": {
        "lodash._objecttypes": "2.4.1"
      }
    },
    "lru-cache": {
      "version": "4.1.3",
      "resolved": "https://proget.huddle.local/npm/npmjs.org/lru-cache/-/lru-cache-4.1.3.tgz",
      "integrity": "sha1-oRdc80lt/IQ2wVbDNLSVWZK85pw=",
      "requires": {
        "pseudomap": "1.0.2",
        "yallist": "2.1.2"
      }
    },
    "mime-db": {
      "version": "1.33.0",
      "resolved": "https://proget.huddle.local/npm/npmjs.org/mime-db/-/mime-db-1.33.0.tgz",
      "integrity": "sha1-o0kgUKXLm2NFBUHjnZeI0icng9s="
    },
    "mime-types": {
      "version": "2.1.18",
      "resolved": "https://proget.huddle.local/npm/npmjs.org/mime-types/-/mime-types-2.1.18.tgz",
      "integrity": "sha1-bzI/YKg9ERRvgx/xH9ZuL+VQO7g=",
      "requires": {
        "mime-db": "1.33.0"
      }
    },
    "minimatch": {
      "version": "3.0.4",
      "resolved": "https://proget.huddle.local/npm/npmjs.org/minimatch/-/minimatch-3.0.4.tgz",
      "integrity": "sha1-UWbihkV/AzBgZL5Ul+jbsMPTIIM=",
      "requires": {
        "brace-expansion": "1.1.11"
      }
    },
    "minimist": {
      "version": "1.2.0",
      "resolved": "https://proget.huddle.local/npm/npmjs.org/minimist/-/minimist-1.2.0.tgz",
      "integrity": "sha1-o1AIsg9BOD7sH7kU9M1d95omQoQ="
    },
    "npm-run-path": {
      "version": "2.0.2",
      "resolved": "https://proget.huddle.local/npm/npmjs.org/npm-run-path/-/npm-run-path-2.0.2.tgz",
      "integrity": "sha1-NakjLfo11wZ7TLLd8jV7GHFTbF8=",
      "requires": {
        "path-key": "2.0.1"
      }
    },
    "p-finally": {
      "version": "1.0.0",
      "resolved": "https://proget.huddle.local/npm/npmjs.org/p-finally/-/p-finally-1.0.0.tgz",
      "integrity": "sha1-P7z7FbiZpEEjs0ttzBi3JDNqLK4="
    },
    "path-is-inside": {
      "version": "1.0.2",
      "resolved": "https://proget.huddle.local/npm/npmjs.org/path-is-inside/-/path-is-inside-1.0.2.tgz",
      "integrity": "sha1-NlQX3t5EQw0cEa9hAn+s8HS9/FM="
    },
    "path-key": {
      "version": "2.0.1",
      "resolved": "https://proget.huddle.local/npm/npmjs.org/path-key/-/path-key-2.0.1.tgz",
      "integrity": "sha1-QRyttXTFoUDTpLGRDUDYDMn0C0A="
    },
    "path-to-regexp": {
      "version": "2.2.1",
      "resolved": "https://proget.huddle.local/npm/npmjs.org/path-to-regexp/-/path-to-regexp-2.2.1.tgz",
      "integrity": "sha512-gu9bD6Ta5bwGrrU8muHzVOBFFREpp2iRkVfhBJahwJ6p6Xw20SjT0MxLnwkjOibQmGSYhiUnf2FLe7k+jcFmGQ=="
    },
    "pseudomap": {
      "version": "1.0.2",
      "resolved": "https://proget.huddle.local/npm/npmjs.org/pseudomap/-/pseudomap-1.0.2.tgz",
      "integrity": "sha1-8FKijacOYYkX7wqKw0wa5aaChrM="
    },
    "punycode": {
      "version": "2.1.1",
      "resolved": "https://proget.huddle.local/npm/npmjs.org/punycode/-/punycode-2.1.1.tgz",
      "integrity": "sha1-tYsBCsQMIsVldhbI0sLALHv0eew="
    },
    "rc": {
      "version": "1.2.8",
      "resolved": "https://proget.huddle.local/npm/npmjs.org/rc/-/rc-1.2.8.tgz",
      "integrity": "sha1-zZJL9SAKB1uDwYjNa54hG3/A0+0=",
      "requires": {
        "deep-extend": "0.6.0",
        "ini": "1.3.5",
        "minimist": "1.2.0",
        "strip-json-comments": "2.0.1"
      }
    },
    "registry-auth-token": {
      "version": "3.3.2",
      "resolved": "https://proget.huddle.local/npm/npmjs.org/registry-auth-token/-/registry-auth-token-3.3.2.tgz",
      "integrity": "sha1-hR/UkDjuy1hpERFa+EUmDuyYPyA=",
      "requires": {
        "rc": "1.2.8",
        "safe-buffer": "5.1.2"
      }
    },
    "registry-url": {
      "version": "3.1.0",
      "resolved": "https://proget.huddle.local/npm/npmjs.org/registry-url/-/registry-url-3.1.0.tgz",
      "integrity": "sha1-PU74cPc93h138M+aOBQyRE4XSUI=",
      "requires": {
        "rc": "1.2.8"
      }
    },
    "safe-buffer": {
      "version": "5.1.2",
      "resolved": "https://proget.huddle.local/npm/npmjs.org/safe-buffer/-/safe-buffer-5.1.2.tgz",
      "integrity": "sha1-mR7GnSluAxN0fVm9/St0XDX4go0="
    },
    "serve": {
      "version": "9.4.2",
      "resolved": "https://proget.huddle.local/npm/npmjs.org/serve/-/serve-9.4.2.tgz",
      "integrity": "sha512-2kSfuxVKvsMhXLyg3AoIYzxHwoY+kiSB6l/+zD7G+9c13W4519DtKl4qK+kbWvOXEVPdphg5MUePfp8ONGr7Yg==",
      "requires": {
        "@zeit/schemas": "1.7.0",
        "ajv": "6.5.2",
        "arg": "2.0.0",
        "boxen": "1.3.0",
        "chalk": "2.4.1",
        "clipboardy": "1.2.3",
        "serve-handler": "3.6.0",
        "update-check": "1.5.2"
      }
    },
    "serve-handler": {
      "version": "3.6.0",
      "resolved": "https://proget.huddle.local/npm/npmjs.org/serve-handler/-/serve-handler-3.6.0.tgz",
      "integrity": "sha512-YPMV1OCfOxub4OnGQQtcGEJNI6e49r0vfSid2U5xrcOB1l6TFWfvHmUhEbfrvU7sqhZgmicfVtVBiAAGRH7NTA==",
      "requires": {
        "bytes": "3.0.0",
        "content-disposition": "0.5.2",
        "fast-url-parser": "1.1.3",
        "glob-slasher": "1.0.1",
        "mime-types": "2.1.18",
        "minimatch": "3.0.4",
        "path-is-inside": "1.0.2",
        "path-to-regexp": "2.2.1"
      }
    },
    "shebang-command": {
      "version": "1.2.0",
      "resolved": "https://proget.huddle.local/npm/npmjs.org/shebang-command/-/shebang-command-1.2.0.tgz",
      "integrity": "sha1-RKrGW2lbAzmJaMOfNj/uXer98eo=",
      "requires": {
        "shebang-regex": "1.0.0"
      }
    },
    "shebang-regex": {
      "version": "1.0.0",
      "resolved": "https://proget.huddle.local/npm/npmjs.org/shebang-regex/-/shebang-regex-1.0.0.tgz",
      "integrity": "sha1-2kL0l0DAtC2yypcoVxyxkMmO/qM="
    },
    "signal-exit": {
      "version": "3.0.2",
      "resolved": "https://proget.huddle.local/npm/npmjs.org/signal-exit/-/signal-exit-3.0.2.tgz",
      "integrity": "sha1-tf3AjxKH6hF4Yo5BXiUTK3NkbG0="
    },
    "string-width": {
      "version": "2.1.1",
      "resolved": "https://proget.huddle.local/npm/npmjs.org/string-width/-/string-width-2.1.1.tgz",
      "integrity": "sha1-q5Pyeo3BPSjKyBXEYhQ6bZASrp4=",
      "requires": {
        "is-fullwidth-code-point": "2.0.0",
        "strip-ansi": "4.0.0"
      }
    },
    "strip-ansi": {
      "version": "4.0.0",
      "resolved": "https://proget.huddle.local/npm/npmjs.org/strip-ansi/-/strip-ansi-4.0.0.tgz",
      "integrity": "sha1-qEeQIusaw2iocTibY1JixQXuNo8=",
      "requires": {
        "ansi-regex": "3.0.0"
      }
    },
    "strip-eof": {
      "version": "1.0.0",
      "resolved": "https://proget.huddle.local/npm/npmjs.org/strip-eof/-/strip-eof-1.0.0.tgz",
      "integrity": "sha1-u0P/VZim6wXYm1n80SnJgzE2Br8="
    },
    "strip-json-comments": {
      "version": "2.0.1",
      "resolved": "https://proget.huddle.local/npm/npmjs.org/strip-json-comments/-/strip-json-comments-2.0.1.tgz",
      "integrity": "sha1-PFMZQukIwml8DsNEhYwobHygpgo="
    },
    "supports-color": {
      "version": "5.4.0",
      "resolved": "https://proget.huddle.local/npm/npmjs.org/supports-color/-/supports-color-5.4.0.tgz",
      "integrity": "sha1-HGszdALCE3YF7+GfEP7DkPb6q1Q=",
      "requires": {
        "has-flag": "3.0.0"
      }
    },
    "term-size": {
      "version": "1.2.0",
      "resolved": "https://proget.huddle.local/npm/npmjs.org/term-size/-/term-size-1.2.0.tgz",
      "integrity": "sha1-RYuDiH8oj8Vtb/+/rSYuJmOO+mk=",
      "requires": {
        "execa": "0.7.0"
      }
    },
    "toxic": {
      "version": "1.0.1",
      "resolved": "https://proget.huddle.local/npm/npmjs.org/toxic/-/toxic-1.0.1.tgz",
      "integrity": "sha512-WI3rIGdcaKULYg7KVoB0zcjikqvcYYvcuT6D89bFPz2rVR0Rl0PK6x8/X62rtdLtBKIE985NzVf/auTtGegIIg==",
      "requires": {
        "lodash": "4.17.10"
      }
    },
    "update-check": {
      "version": "1.5.2",
      "resolved": "https://proget.huddle.local/npm/npmjs.org/update-check/-/update-check-1.5.2.tgz",
      "integrity": "sha512-1TrmYLuLj/5ZovwUS7fFd1jMH3NnFDN1y1A8dboedIDt7zs/zJMo6TwwlhYKkSeEwzleeiSBV5/3c9ufAQWDaQ==",
      "requires": {
        "registry-auth-token": "3.3.2",
        "registry-url": "3.1.0"
      }
    },
    "uri-js": {
      "version": "4.2.2",
      "resolved": "https://proget.huddle.local/npm/npmjs.org/uri-js/-/uri-js-4.2.2.tgz",
      "integrity": "sha1-lMVA4f93KVbiKZUHwBCupsiDjrA=",
      "requires": {
        "punycode": "2.1.1"
      }
    },
    "which": {
      "version": "1.3.1",
      "resolved": "https://proget.huddle.local/npm/npmjs.org/which/-/which-1.3.1.tgz",
      "integrity": "sha1-pFBD1U9YBTFtqNYvn1CRjT2nCwo=",
      "requires": {
        "isexe": "2.0.0"
      }
    },
    "widest-line": {
      "version": "2.0.0",
      "resolved": "https://proget.huddle.local/npm/npmjs.org/widest-line/-/widest-line-2.0.0.tgz",
      "integrity": "sha1-AUKk6KJD+IgsAjOqDgKBqnYVInM=",
      "requires": {
        "string-width": "2.1.1"
      }
    },
    "yallist": {
      "version": "2.1.2",
      "resolved": "https://proget.huddle.local/npm/npmjs.org/yallist/-/yallist-2.1.2.tgz",
      "integrity": "sha1-HBH5IY8HYImkfdUS+TxmmaaoHVI="
    }
  }
}
